
Microsoft Visual Studio Solution File, Format Version 10.00
# Visual C++ Express 2008
Project("{8BC9CEB8-8B4A-11D0-8D11-00A0C91BC942}") = "gdev", "gdev\gdev.vcproj", "{D06AA7D0-A5B9-4F7C-9BAB-D24EF00045C3}"
EndProject
Global
	GlobalSection(SolutionConfigurationPlatforms) = preSolution
		Debug|Win32 = Debug|Win32
		Release|Win32 = Release|Win32
	EndGlobalSection
	GlobalSection(ProjectConfigurationPlatforms) = postSolution
		{D06AA7D0-A5B9-4F7C-9BAB-D24EF00045C3}.Debug|Win32.ActiveCfg = Debug|Win32
		{D06AA7D0-A5B9-4F7C-9BAB-D24EF00045C3}.Debug|Win32.Build.0 = Debug|Win32
		{D06AA7D0-A5B9-4F7C-9BAB-D24EF00045C3}.Release|Win32.ActiveCfg = Release|Win32
		{D06AA7D0-A5B9-4F7C-9BAB-D24EF00045C3}.Release|Win32.Build.0 = Release|Win32
	EndGlobalSection
	GlobalSection(SolutionProperties) = preSolution
		HideSolutionNode = FALSE
	EndGlobalSection
EndGlobal
